// !$*UTF8*$!
{
	archiveVersion = 1;
	classes = {
	};
	objectVersion = 55;
	objects = {

/* Begin PBXBuildFile section */
		BFB9F1742888C6D400D7BEBE /* AppDelegate.swift in Sources */ = {isa = PBXBuildFile; fileRef = BFB9F1732888C6D400D7BEBE /* AppDelegate.swift */; };
		BFB9F1762888C6D400D7BEBE /* SceneDelegate.swift in Sources */ = {isa = PBXBuildFile; fileRef = BFB9F1752888C6D400D7BEBE /* SceneDelegate.swift */; };
		BFB9F1782888C6D400D7BEBE /* ViewController.swift in Sources */ = {isa = PBXBuildFile; fileRef = BFB9F1772888C6D400D7BEBE /* ViewController.swift */; };
		BFB9F17B2888C6D400D7BEBE /* Main.storyboard in Resources */ = {isa = PBXBuildFile; fileRef = BFB9F1792888C6D400D7BEBE /* Main.storyboard */; };
		BFB9F17D2888C6D700D7BEBE /* Assets.xcassets in Resources */ = {isa = PBXBuildFile; fileRef = BFB9F17C2888C6D700D7BEBE /* Assets.xcassets */; };
		BFB9F1802888C6D700D7BEBE /* LaunchScreen.storyboard in Resources */ = {isa = PBXBuildFile; fileRef = BFB9F17E2888C6D700D7BEBE /* LaunchScreen.storyboard */; };
		BFB9F1882888C73900D7BEBE /* CollectionViewCell.swift in Sources */ = {isa = PBXBuildFile; fileRef = BFB9F1872888C73900D7BEBE /* CollectionViewCell.swift */; };
		BFB9F18A2888C74C00D7BEBE /* CollectionViewController.swift in Sources */ = {isa = PBXBuildFile; fileRef = BFB9F1892888C74C00D7BEBE /* CollectionViewController.swift */; };
		BFB9F18C2888C7B400D7BEBE /* MovieInfo.swift in Sources */ = {isa = PBXBuildFile; fileRef = BFB9F18B2888C7B400D7BEBE /* MovieInfo.swift */; };
		BFB9F18F2888CF9900D7BEBE /* Kingfisher in Frameworks */ = {isa = PBXBuildFile; productRef = BFB9F18E2888CF9900D7BEBE /* Kingfisher */; };
		BFB9F19328892C4400D7BEBE /* SearchViewController.swift in Sources */ = {isa = PBXBuildFile; fileRef = BFB9F19228892C4400D7BEBE /* SearchViewController.swift */; };
		BFB9F19728892C9900D7BEBE /* DetailViewController.swift in Sources */ = {isa = PBXBuildFile; fileRef = BFB9F19628892C9900D7BEBE /* DetailViewController.swift */; };
		BFB9F1992889303A00D7BEBE /* WebViewController.swift in Sources */ = {isa = PBXBuildFile; fileRef = BFB9F1982889303A00D7BEBE /* WebViewController.swift */; };
/* End PBXBuildFile section */

/* Begin PBXFileReference section */
		BFB9F1702888C6D400D7BEBE /* BookCollection.app */ = {isa = PBXFileReference; explicitFileType = wrapper.application; includeInIndex = 0; path = BookCollection.app; sourceTree = BUILT_PRODUCTS_DIR; };
		BFB9F1732888C6D400D7BEBE /* AppDelegate.swift */ = {isa = PBXFileReference; lastKnownFileType = sourcecode.swift; path = AppDelegate.swift; sourceTree = "<group>"; };
		BFB9F1752888C6D400D7BEBE /* SceneDelegate.swift */ = {isa = PBXFileReference; lastKnownFileType = sourcecode.swift; path = SceneDelegate.swift; sourceTree = "<group>"; };
		BFB9F1772888C6D400D7BEBE /* ViewController.swift */ = {isa = PBXFileReference; lastKnownFileType = sourcecode.swift; path = ViewController.swift; sourceTree = "<group>"; };
		BFB9F17A2888C6D400D7BEBE /* Base */ = {isa = PBXFileReference; lastKnownFileType = file.storyboard; name = Base; path = Base.lproj/Main.storyboard; sourceTree = "<group>"; };
		BFB9F17C2888C6D700D7BEBE /* Assets.xcassets */ = {isa = PBXFileReference; lastKnownFileType = folder.assetcatalog; path = Assets.xcassets; sourceTree = "<group>"; };
		BFB9F17F2888C6D700D7BEBE /* Base */ = {isa = PBXFileReference; lastKnownFileType = file.storyboard; name = Base; path = Base.lproj/LaunchScreen.storyboard; sourceTree = "<group>"; };
		BFB9F1812888C6D700D7BEBE /* Info.plist */ = {isa = PBXFileReference; lastKnownFileType = text.plist.xml; path = Info.plist; sourceTree = "<group>"; };
		BFB9F1872888C73900D7BEBE /* CollectionViewCell.swift */ = {isa = PBXFileReference; lastKnownFileType = sourcecode.swift; path = CollectionViewCell.swift; sourceTree = "<group>"; };
		BFB9F1892888C74C00D7BEBE /* CollectionViewController.swift */ = {isa = PBXFileReference; lastKnownFileType = sourcecode.swift; path = CollectionViewController.swift; sourceTree = "<group>"; };
		BFB9F18B2888C7B400D7BEBE /* MovieInfo.swift */ = {isa = PBXFileReference; fileEncoding = 4; lastKnownFileType = sourcecode.swift; path = MovieInfo.swift; sourceTree = "<group>"; };
		BFB9F19228892C4400D7BEBE /* SearchViewController.swift */ = {isa = PBXFileReference; lastKnownFileType = sourcecode.swift; path = SearchViewController.swift; sourceTree = "<group>"; };
		BFB9F19628892C9900D7BEBE /* DetailViewController.swift */ = {isa = PBXFileReference; lastKnownFileType = sourcecode.swift; path = DetailViewController.swift; sourceTree = "<group>"; };
		BFB9F1982889303A00D7BEBE /* WebViewController.swift */ = {isa = PBXFileReference; lastKnownFileType = sourcecode.swift; path = WebViewController.swift; sourceTree = "<group>"; };
/* End PBXFileReference section */

/* Begin PBXFrameworksBuildPhase section */
		BFB9F16D2888C6D400D7BEBE /* Frameworks */ = {
			isa = PBXFrameworksBuildPhase;
			buildActionMask = 2147483647;
			files = (
				BFB9F18F2888CF9900D7BEBE /* Kingfisher in Frameworks */,
			);
			runOnlyForDeploymentPostprocessing = 0;
		};
/* End PBXFrameworksBuildPhase section */

/* Begin PBXGroup section */
		BFB9F1672888C6D300D7BEBE = {
			isa = PBXGroup;
			children = (
				BFB9F1722888C6D400D7BEBE /* BookCollection */,
				BFB9F1712888C6D400D7BEBE /* Products */,
			);
			sourceTree = "<group>";
		};
		BFB9F1712888C6D400D7BEBE /* Products */ = {
			isa = PBXGroup;
			children = (
				BFB9F1702888C6D400D7BEBE /* BookCollection.app */,
			);
			name = Products;
			sourceTree = "<group>";
		};
		BFB9F1722888C6D400D7BEBE /* BookCollection */ = {
			isa = PBXGroup;
			children = (
				BFB9F1732888C6D400D7BEBE /* AppDelegate.swift */,
				BFB9F1752888C6D400D7BEBE /* SceneDelegate.swift */,
				BFB9F1772888C6D400D7BEBE /* ViewController.swift */,
				BFB9F1792888C6D400D7BEBE /* Main.storyboard */,
				BFB9F1982889303A00D7BEBE /* WebViewController.swift */,
				BFB9F19228892C4400D7BEBE /* SearchViewController.swift */,
				BFB9F1872888C73900D7BEBE /* CollectionViewCell.swift */,
				BFB9F1892888C74C00D7BEBE /* CollectionViewController.swift */,
				BFB9F17C2888C6D700D7BEBE /* Assets.xcassets */,
				BFB9F17E2888C6D700D7BEBE /* LaunchScreen.storyboard */,
				BFB9F1812888C6D700D7BEBE /* Info.plist */,
				BFB9F18B2888C7B400D7BEBE /* MovieInfo.swift */,
				BFB9F19628892C9900D7BEBE /* DetailViewController.swift */,
			);
			path = BookCollection;
			sourceTree = "<group>";
		};
/* End PBXGroup section */

/* Begin PBXNativeTarget section */
		BFB9F16F2888C6D400D7BEBE /* BookCollection */ = {
			isa = PBXNativeTarget;
			buildConfigurationList = BFB9F1842888C6D700D7BEBE /* Build configuration list for PBXNativeTarget "BookCollection" */;
			buildPhases = (
				BFB9F16C2888C6D400D7BEBE /* Sources */,
				BFB9F16D2888C6D400D7BEBE /* Frameworks */,
				BFB9F16E2888C6D400D7BEBE /* Resources */,
			);
			buildRules = (
			);
			dependencies = (
			);
			name = BookCollection;
			packageProductDependencies = (
				BFB9F18E2888CF9900D7BEBE /* Kingfisher */,
			);
			productName = BookCollection;
			productReference = BFB9F1702888C6D400D7BEBE /* BookCollection.app */;
			productType = "com.apple.product-type.application";
		};
/* End PBXNativeTarget section */

/* Begin PBXProject section */
		BFB9F1682888C6D300D7BEBE /* Project object */ = {
			isa = PBXProject;
			attributes = {
				BuildIndependentTargetsInParallel = 1;
				LastSwiftUpdateCheck = 1340;
				LastUpgradeCheck = 1340;
				TargetAttributes = {
					BFB9F16F2888C6D400D7BEBE = {
						CreatedOnToolsVersion = 13.4.1;
					};
				};
			};
			buildConfigurationList = BFB9F16B2888C6D300D7BEBE /* Build configuration list for PBXProject "BookCollection" */;
			compatibilityVersion = "Xcode 13.0";
			developmentRegion = en;
			hasScannedForEncodings = 0;
			knownRegions = (
				en,
				Base,
			);
			mainGroup = BFB9F1672888C6D300D7BEBE;
			packageReferences = (
				BFB9F18D2888CF9900D7BEBE /* XCRemoteSwiftPackageReference "Kingfisher" */,
			);
			productRefGroup = BFB9F1712888C6D400D7BEBE /* Products */;
			projectDirPath = "";
			projectRoot = "";
			targets = (
				BFB9F16F2888C6D400D7BEBE /* BookCollection */,
			);
		};
/* End PBXProject section */

/* Begin PBXResourcesBuildPhase section */
		BFB9F16E2888C6D400D7BEBE /* Resources */ = {
			isa = PBXResourcesBuildPhase;
			buildActionMask = 2147483647;
			files = (
				BFB9F1802888C6D700D7BEBE /* LaunchScreen.storyboard in Resources */,
				BFB9F17D2888C6D700D7BEBE /* Assets.xcassets in Resources */,
				BFB9F17B2888C6D400D7BEBE /* Main.storyboard in Resources */,
			);
			runOnlyForDeploymentPostprocessing = 0;
		};
/* End PBXResourcesBuildPhase section */

/* Begin PBXSourcesBuildPhase section */
		BFB9F16C2888C6D400D7BEBE /* Sources */ = {
			isa = PBXSourcesBuildPhase;
			buildActionMask = 2147483647;
			files = (
				BFB9F1782888C6D400D7BEBE /* ViewController.swift in Sources */,
				BFB9F1992889303A00D7BEBE /* WebViewController.swift in Sources */,
				BFB9F19328892C4400D7BEBE /* SearchViewController.swift in Sources */,
				BFB9F1742888C6D400D7BEBE /* AppDelegate.swift in Sources */,
				BFB9F1882888C73900D7BEBE /* CollectionViewCell.swift in Sources */,
				BFB9F1762888C6D400D7BEBE /* SceneDelegate.swift in Sources */,
				BFB9F18C2888C7B400D7BEBE /* MovieInfo.swift in Sources */,
				BFB9F18A2888C74C00D7BEBE /* CollectionViewController.swift in Sources */,
				BFB9F19728892C9900D7BEBE /* DetailViewController.swift in Sources */,
			);
			runOnlyForDeploymentPostprocessing = 0;
		};
/* End PBXSourcesBuildPhase section */

/* Begin PBXVariantGroup section */
		BFB9F1792888C6D400D7BEBE /* Main.storyboard */ = {
			isa = PBXVariantGroup;
			children = (
				BFB9F17A2888C6D400D7BEBE /* Base */,
			);
			name = Main.storyboard;
			sourceTree = "<group>";
		};
		BFB9F17E2888C6D700D7BEBE /* LaunchScreen.storyboard */ = {
			isa = PBXVariantGroup;
			children = (
				BFB9F17F2888C6D700D7BEBE /* Base */,
			);
			name = LaunchScreen.storyboard;
			sourceTree = "<group>";
		};
/* End PBXVariantGroup section */

/* Begin XCBuildConfiguration section */
		BFB9F1822888C6D700D7BEBE /* Debug */ = {
			isa = XCBuildConfiguration;
			buildSettings = {
				ALWAYS_SEARCH_USER_PATHS = NO;
				CLANG_ANALYZER_NONNULL = YES;
				CLANG_ANALYZER_NUMBER_OBJECT_CONVERSION = YES_AGGRESSIVE;
				CLANG_CXX_LANGUAGE_STANDARD = "gnu++17";
				CLANG_ENABLE_MODULES = YES;
				CLANG_ENABLE_OBJC_ARC = YES;
				CLANG_ENABLE_OBJC_WEAK = YES;
				CLANG_WARN_BLOCK_CAPTURE_AUTORELEASING = YES;
				CLANG_WARN_BOOL_CONVERSION = YES;
				CLANG_WARN_COMMA = YES;
				CLANG_WARN_CONSTANT_CONVERSION = YES;
				CLANG_WARN_DEPRECATED_OBJC_IMPLEMENTATIONS = YES;
				CLANG_WARN_DIRECT_OBJC_ISA_USAGE = YES_ERROR;
				CLANG_WARN_DOCUMENTATION_COMMENTS = YES;
				CLANG_WARN_EMPTY_BODY = YES;
				CLANG_WARN_ENUM_CONVERSION = YES;
				CLANG_WARN_INFINITE_RECURSION = YES;
				CLANG_WARN_INT_CONVERSION = YES;
				CLANG_WARN_NON_LITERAL_NULL_CONVERSION = YES;
				CLANG_WARN_OBJC_IMPLICIT_RETAIN_SELF = YES;
				CLANG_WARN_OBJC_LITERAL_CONVERSION = YES;
				CLANG_WARN_OBJC_ROOT_CLASS = YES_ERROR;
				CLANG_WARN_QUOTED_INCLUDE_IN_FRAMEWORK_HEADER = YES;
				CLANG_WARN_RANGE_LOOP_ANALYSIS = YES;
				CLANG_WARN_STRICT_PROTOTYPES = YES;
				CLANG_WARN_SUSPICIOUS_MOVE = YES;
				CLANG_WARN_UNGUARDED_AVAILABILITY = YES_AGGRESSIVE;
				CLANG_WARN_UNREACHABLE_CODE = YES;
				CLANG_WARN__DUPLICATE_METHOD_MATCH = YES;
				COPY_PHASE_STRIP = NO;
				DEBUG_INFORMATION_FORMAT = dwarf;
				ENABLE_STRICT_OBJC_MSGSEND = YES;
				ENABLE_TESTABILITY = YES;
				GCC_C_LANGUAGE_STANDARD = gnu11;
				GCC_DYNAMIC_NO_PIC = NO;
				GCC_NO_COMMON_BLOCKS = YES;
				GCC_OPTIMIZATION_LEVEL = 0;
				GCC_PREPROCESSOR_DEFINITIONS = (
					"DEBUG=1",
					"$(inherited)",
				);
				GCC_WARN_64_TO_32_BIT_CONVERSION = YES;
				GCC_WARN_ABOUT_RETURN_TYPE = YES_ERROR;
				GCC_WARN_UNDECLARED_SELECTOR = YES;
				GCC_WARN_UNINITIALIZED_AUTOS = YES_AGGRESSIVE;
				GCC_WARN_UNUSED_FUNCTION = YES;
				GCC_WARN_UNUSED_VARIABLE = YES;
				IPHONEOS_DEPLOYMENT_TARGET = 15.5;
				MTL_ENABLE_DEBUG_INFO = INCLUDE_SOURCE;
				MTL_FAST_MATH = YES;
				ONLY_ACTIVE_ARCH = YES;
				SDKROOT = iphoneos;
				SWIFT_ACTIVE_COMPILATION_CONDITIONS = DEBUG;
				SWIFT_OPTIMIZATION_LEVEL = "-Onone";
			};
			name = Debug;
		};
		BFB9F1832888C6D700D7BEBE /* Release */ = {
			isa = XCBuildConfiguration;
			buildSettings = {
				ALWAYS_SEARCH_USER_PATHS = NO;
				CLANG_ANALYZER_NONNULL = YES;
				CLANG_ANALYZER_NUMBER_OBJECT_CONVERSION = YES_AGGRESSIVE;
				CLANG_CXX_LANGUAGE_STANDARD = "gnu++17";
				CLANG_ENABLE_MODULES = YES;
				CLANG_ENABLE_OBJC_ARC = YES;
				CLANG_ENABLE_OBJC_WEAK = YES;
				CLANG_WARN_BLOCK_CAPTURE_AUTORELEASING = YES;
				CLANG_WARN_BOOL_CONVERSION = YES;
				CLANG_WARN_COMMA = YES;
				CLANG_WARN_CONSTANT_CONVERSION = YES;
				CLANG_WARN_DEPRECATED_OBJC_IMPLEMENTATIONS = YES;
				CLANG_WARN_DIRECT_OBJC_ISA_USAGE = YES_ERROR;
				CLANG_WARN_DOCUMENTATION_COMMENTS = YES;
				CLANG_WARN_EMPTY_BODY = YES;
				CLANG_WARN_ENUM_CONVERSION = YES;
				CLANG_WARN_INFINITE_RECURSION = YES;
				CLANG_WARN_INT_CONVERSION = YES;
				CLANG_WARN_NON_LITERAL_NULL_CONVERSION = YES;
				CLANG_WARN_OBJC_IMPLICIT_RETAIN_SELF = YES;
				CLANG_WARN_OBJC_LITERAL_CONVERSION = YES;
				CLANG_WARN_OBJC_ROOT_CLASS = YES_ERROR;
				CLANG_WARN_QUOTED_INCLUDE_IN_FRAMEWORK_HEADER = YES;
				CLANG_WARN_RANGE_LOOP_ANALYSIS = YES;
				CLANG_WARN_STRICT_PROTOTYPES = YES;
				CLANG_WARN_SUSPICIOUS_MOVE = YES;
				CLANG_WARN_UNGUARDED_AVAILABILITY = YES_AGGRESSIVE;
				CLANG_WARN_UNREACHABLE_CODE = YES;
				CLANG_WARN__DUPLICATE_METHOD_MATCH = YES;
				COPY_PHASE_STRIP = NO;
				DEBUG_INFORMATION_FORMAT = "dwarf-with-dsym";
				ENABLE_NS_ASSERTIONS = NO;
				ENABLE_STRICT_OBJC_MSGSEND = YES;
				GCC_C_LANGUAGE_STANDARD = gnu11;
				GCC_NO_COMMON_BLOCKS = YES;
				GCC_WARN_64_TO_32_BIT_CONVERSION = YES;
				GCC_WARN_ABOUT_RETURN_TYPE = YES_ERROR;
				GCC_WARN_UNDECLARED_SELECTOR = YES;
				GCC_WARN_UNINITIALIZED_AUTOS = YES_AGGRESSIVE;
				GCC_WARN_UNUSED_FUNCTION = YES;
				GCC_WARN_UNUSED_VARIABLE = YES;
				IPHONEOS_DEPLOYMENT_TARGET = 15.5;
				MTL_ENABLE_DEBUG_INFO = NO;
				MTL_FAST_MATH = YES;
				SDKROOT = iphoneos;
				SWIFT_COMPILATION_MODE = wholemodule;
				SWIFT_OPTIMIZATION_LEVEL = "-O";
				VALIDATE_PRODUCT = YES;
			};
			name = Release;
		};
		BFB9F1852888C6D700D7BEBE /* Debug */ = {
			isa = XCBuildConfiguration;
			buildSettings = {
				ASSETCATALOG_COMPILER_APPICON_NAME = AppIcon;
				ASSETCATALOG_COMPILER_GLOBAL_ACCENT_COLOR_NAME = AccentColor;
				CODE_SIGN_STYLE = Automatic;
				CURRENT_PROJECT_VERSION = 1;
				GENERATE_INFOPLIST_FILE = YES;
				INFOPLIST_FILE = BookCollection/Info.plist;
				INFOPLIST_KEY_UIApplicationSupportsIndirectInputEvents = YES;
				INFOPLIST_KEY_UILaunchStoryboardName = LaunchScreen;
				INFOPLIST_KEY_UIMainStoryboardFile = Main;
				INFOPLIST_KEY_UISupportedInterfaceOrientations_iPad = "UIInterfaceOrientationPortrait UIInterfaceOrientationPortraitUpsideDown UIInterfaceOrientationLandscapeLeft UIInterfaceOrientationLandscapeRight";
				INFOPLIST_KEY_UISupportedInterfaceOrientations_iPhone = "UIInterfaceOrientationPortrait UIInterfaceOrientationLandscapeLeft UIInterfaceOrientationLandscapeRight";
				IPHONEOS_DEPLOYMENT_TARGET = 15.0;
				LD_RUNPATH_SEARCH_PATHS = (
					"$(inherited)",
					"@executable_path/Frameworks",
				);
				MARKETING_VERSION = 1.0;
				PRODUCT_BUNDLE_IDENTIFIER = com.sanhan.BookCollection;
				PRODUCT_NAME = "$(TARGET_NAME)";
				SWIFT_EMIT_LOC_STRINGS = YES;
				SWIFT_VERSION = 5.0;
				TARGETED_DEVICE_FAMILY = "1,2";
			};
			name = Debug;
		};
		BFB9F1862888C6D700D7BEBE /* Release */ = {
			isa = XCBuildConfiguration;
			buildSettings = {
				ASSETCATALOG_COMPILER_APPICON_NAME = AppIcon;
				ASSETCATALOG_COMPILER_GLOBAL_ACCENT_COLOR_NAME = AccentColor;
				CODE_SIGN_STYLE = Automatic;
				CURRENT_PROJECT_VERSION = 1;
				GENERATE_INFOPLIST_FILE = YES;
				INFOPLIST_FILE = BookCollection/Info.plist;
				INFOPLIST_KEY_UIApplicationSupportsIndirectInputEvents = YES;
				INFOPLIST_KEY_UILaunchStoryboardName = LaunchScreen;
				INFOPLIST_KEY_UIMainStoryboardFile = Main;
				INFOPLIST_KEY_UISupportedInterfaceOrientations_iPad = "UIInterfaceOrientationPortrait UIInterfaceOrientationPortraitUpsideDown UIInterfaceOrientationLandscapeLeft UIInterfaceOrientationLandscapeRight";
				INFOPLIST_KEY_UISupportedInterfaceOrientations_iPhone = "UIInterfaceOrientationPortrait UIInterfaceOrientationLandscapeLeft UIInterfaceOrientationLandscapeRight";
				IPHONEOS_DEPLOYMENT_TARGET = 15.0;
				LD_RUNPATH_SEARCH_PATHS = (
					"$(inherited)",
					"@executable_path/Frameworks",
				);
				MARKETING_VERSION = 1.0;
				PRODUCT_BUNDLE_IDENTIFIER = com.sanhan.BookCollection;
				PRODUCT_NAME = "$(TARGET_NAME)";
				SWIFT_EMIT_LOC_STRINGS = YES;
				SWIFT_VERSION = 5.0;
				TARGETED_DEVICE_FAMILY = "1,2";
			};
			name = Release;
		};
/* End XCBuildConfiguration section */

/* Begin XCConfigurationList section */
		BFB9F16B2888C6D300D7BEBE /* Build configuration list for PBXProject "BookCollection" */ = {
			isa = XCConfigurationList;
			buildConfigurations = (
				BFB9F1822888C6D700D7BEBE /* Debug */,
				BFB9F1832888C6D700D7BEBE /* Release */,
			);
			defaultConfigurationIsVisible = 0;
			defaultConfigurationName = Release;
		};
		BFB9F1842888C6D700D7BEBE /* Build configuration list for PBXNativeTarget "BookCollection" */ = {
			isa = XCConfigurationList;
			buildConfigurations = (
				BFB9F1852888C6D700D7BEBE /* Debug */,
				BFB9F1862888C6D700D7BEBE /* Release */,
			);
			defaultConfigurationIsVisible = 0;
			defaultConfigurationName = Release;
		};
/* End XCConfigurationList section */

/* Begin XCRemoteSwiftPackageReference section */
		BFB9F18D2888CF9900D7BEBE /* XCRemoteSwiftPackageReference "Kingfisher" */ = {
			isa = XCRemoteSwiftPackageReference;
			repositoryURL = "https://github.com/onevcat/Kingfisher";
			requirement = {
				kind = upToNextMajorVersion;
				minimumVersion = 7.0.0;
			};
		};
/* End XCRemoteSwiftPackageReference section */

/* Begin XCSwiftPackageProductDependency section */
		BFB9F18E2888CF9900D7BEBE /* Kingfisher */ = {
			isa = XCSwiftPackageProductDependency;
			package = BFB9F18D2888CF9900D7BEBE /* XCRemoteSwiftPackageReference "Kingfisher" */;
			productName = Kingfisher;
		};
/* End XCSwiftPackageProductDependency section */
	};
	rootObject = BFB9F1682888C6D300D7BEBE /* Project object */;
}
